
Microsoft Visual Studio Solution File, Format Version 12.00
# Visual Studio 14
VisualStudioVersion = 14.0.25420.1
MinimumVisualStudioVersion = 10.0.40219.1
Project("{2150E333-8FDC-42A3-9474-1A3956D46DE8}") = "src", "src", "{3843A13A-F7D0-44C1-95D4-7F02FE9D8AC6}"
EndProject
Project("{2150E333-8FDC-42A3-9474-1A3956D46DE8}") = "Solution Items", "Solution Items", "{303141B9-58B6-4801-A751-F93799FA5B1F}"
	ProjectSection(SolutionItems) = preProject
		global.json = global.json
		README.md = README.md
	EndProjectSection
EndProject
Project("{8BB2217D-0F2D-49D1-97BC-3654ED321F3B}") = "RedisMonitor", "src\RedisMonitor\RedisMonitor.xproj", "{862FA6FA-BCBD-4486-A417-A16D9EAD7773}"
EndProject
Project("{2150E333-8FDC-42A3-9474-1A3956D46DE8}") = "test", "test", "{1A134D43-8D57-4C3C-ACDD-8871FDB8732E}"
EndProject
Project("{8BB2217D-0F2D-49D1-97BC-3654ED321F3B}") = "RedisMonitor.Test", "test\RedisMonitor.Test\RedisMonitor.Test.xproj", "{BC45208E-58DB-479B-8296-1556A21D217E}"
EndProject
Global
	GlobalSection(SolutionConfigurationPlatforms) = preSolution
		Debug|Any CPU = Debug|Any CPU
		Release|Any CPU = Release|Any CPU
	EndGlobalSection
	GlobalSection(ProjectConfigurationPlatforms) = postSolution
		{862FA6FA-BCBD-4486-A417-A16D9EAD7773}.Debug|Any CPU.ActiveCfg = Debug|Any CPU
		{862FA6FA-BCBD-4486-A417-A16D9EAD7773}.Debug|Any CPU.Build.0 = Debug|Any CPU
		{862FA6FA-BCBD-4486-A417-A16D9EAD7773}.Release|Any CPU.ActiveCfg = Release|Any CPU
		{862FA6FA-BCBD-4486-A417-A16D9EAD7773}.Release|Any CPU.Build.0 = Release|Any CPU
		{BC45208E-58DB-479B-8296-1556A21D217E}.Debug|Any CPU.ActiveCfg = Debug|Any CPU
		{BC45208E-58DB-479B-8296-1556A21D217E}.Debug|Any CPU.Build.0 = Debug|Any CPU
		{BC45208E-58DB-479B-8296-1556A21D217E}.Release|Any CPU.ActiveCfg = Release|Any CPU
		{BC45208E-58DB-479B-8296-1556A21D217E}.Release|Any CPU.Build.0 = Release|Any CPU
	EndGlobalSection
	GlobalSection(SolutionProperties) = preSolution
		HideSolutionNode = FALSE
	EndGlobalSection
	GlobalSection(NestedProjects) = preSolution
		{862FA6FA-BCBD-4486-A417-A16D9EAD7773} = {3843A13A-F7D0-44C1-95D4-7F02FE9D8AC6}
		{BC45208E-58DB-479B-8296-1556A21D217E} = {1A134D43-8D57-4C3C-ACDD-8871FDB8732E}
	EndGlobalSection
EndGlobal
